
Microsoft Visual Studio Solution File, Format Version 12.00
# Visual Studio Version 17
VisualStudioVersion = 17.12.35707.178 d17.12
MinimumVisualStudioVersion = 10.0.40219.1
Project("{FAE04EC0-301F-11D3-BF4B-00C04F79EFBC}") = "MovieStoreusingList&Exception", "MovieStoreusingList&Exception\MovieStoreusingList&Exception.csproj", "{B2B3F556-9FDD-4BB2-96A8-0E35055EC288}"
EndProject
Global
	GlobalSection(SolutionConfigurationPlatforms) = preSolution
		Debug|Any CPU = Debug|Any CPU
		Release|Any CPU = Release|Any CPU
	EndGlobalSection
	GlobalSection(ProjectConfigurationPlatforms) = postSolution
		{B2B3F556-9FDD-4BB2-96A8-0E35055EC288}.Debug|Any CPU.ActiveCfg = Debug|Any CPU
		{B2B3F556-9FDD-4BB2-96A8-0E35055EC288}.Debug|Any CPU.Build.0 = Debug|Any CPU
		{B2B3F556-9FDD-4BB2-96A8-0E35055EC288}.Release|Any CPU.ActiveCfg = Release|Any CPU
		{B2B3F556-9FDD-4BB2-96A8-0E35055EC288}.Release|Any CPU.Build.0 = Release|Any CPU
	EndGlobalSection
	GlobalSection(SolutionProperties) = preSolution
		HideSolutionNode = FALSE
	EndGlobalSection
EndGlobal
